
Microsoft Visual Studio Solution File, Format Version 12.00
# Visual Studio Version 16
VisualStudioVersion = 16.0.33423.256
MinimumVisualStudioVersion = 10.0.40219.1
Project("{FAE04EC0-301F-11D3-BF4B-00C04F79EFBC}") = "Login", "Login.csproj", "{11A5410F-EDA4-4A82-8623-AFECA7EE2FB2}"
EndProject
Global
	GlobalSection(SolutionConfigurationPlatforms) = preSolution
		Debug|Any CPU = Debug|Any CPU
		Release|Any CPU = Release|Any CPU
	EndGlobalSection
	GlobalSection(ProjectConfigurationPlatforms) = postSolution
		{11A5410F-EDA4-4A82-8623-AFECA7EE2FB2}.Debug|Any CPU.ActiveCfg = Debug|Any CPU
		{11A5410F-EDA4-4A82-8623-AFECA7EE2FB2}.Debug|Any CPU.Build.0 = Debug|Any CPU
		{11A5410F-EDA4-4A82-8623-AFECA7EE2FB2}.Release|Any CPU.ActiveCfg = Release|Any CPU
		{11A5410F-EDA4-4A82-8623-AFECA7EE2FB2}.Release|Any CPU.Build.0 = Release|Any CPU
	EndGlobalSection
	GlobalSection(SolutionProperties) = preSolution
		HideSolutionNode = FALSE
	EndGlobalSection
	GlobalSection(ExtensibilityGlobals) = postSolution
		SolutionGuid = {F495CC35-E9D8-4975-B250-410643E1F89F}
	EndGlobalSection
EndGlobal
